
Microsoft Visual Studio Solution File, Format Version 12.00
# Visual Studio Version 16
VisualStudioVersion = 16.0.30128.74
MinimumVisualStudioVersion = 10.0.40219.1
Project("{8BC9CEB8-8B4A-11D0-8D11-00A0C91BC942}") = "exemplosala2", "exemplosala2.vcxproj", "{92B6AAE5-69C3-4B71-A4BF-7207D4393D7E}"
EndProject
Global
	GlobalSection(SolutionConfigurationPlatforms) = preSolution
		Debug|x64 = Debug|x64
		Release|x64 = Release|x64
	EndGlobalSection
	GlobalSection(ProjectConfigurationPlatforms) = postSolution
		{92B6AAE5-69C3-4B71-A4BF-7207D4393D7E}.Debug|x64.ActiveCfg = Debug|x64
		{92B6AAE5-69C3-4B71-A4BF-7207D4393D7E}.Debug|x64.Build.0 = Debug|x64
		{92B6AAE5-69C3-4B71-A4BF-7207D4393D7E}.Release|x64.ActiveCfg = Release|x64
		{92B6AAE5-69C3-4B71-A4BF-7207D4393D7E}.Release|x64.Build.0 = Release|x64
	EndGlobalSection
	GlobalSection(SolutionProperties) = preSolution
		HideSolutionNode = FALSE
	EndGlobalSection
	GlobalSection(ExtensibilityGlobals) = postSolution
		SolutionGuid = {C329E923-6188-46F9-BE5C-F41F838AA6BD}
	EndGlobalSection
EndGlobal
