
Microsoft Visual Studio Solution File, Format Version 12.00
# Visual Studio Version 16
VisualStudioVersion = 16.0.30128.74
MinimumVisualStudioVersion = 10.0.40219.1
Project("{8BC9CEB8-8B4A-11D0-8D11-00A0C91BC942}") = "ex2", "ex2.vcxproj", "{858D81AB-33D9-48AE-85CB-1DDF63E45177}"
EndProject
Global
	GlobalSection(SolutionConfigurationPlatforms) = preSolution
		Debug|x64 = Debug|x64
		Release|x64 = Release|x64
	EndGlobalSection
	GlobalSection(ProjectConfigurationPlatforms) = postSolution
		{858D81AB-33D9-48AE-85CB-1DDF63E45177}.Debug|x64.ActiveCfg = Debug|x64
		{858D81AB-33D9-48AE-85CB-1DDF63E45177}.Debug|x64.Build.0 = Debug|x64
		{858D81AB-33D9-48AE-85CB-1DDF63E45177}.Release|x64.ActiveCfg = Release|x64
		{858D81AB-33D9-48AE-85CB-1DDF63E45177}.Release|x64.Build.0 = Release|x64
	EndGlobalSection
	GlobalSection(SolutionProperties) = preSolution
		HideSolutionNode = FALSE
	EndGlobalSection
	GlobalSection(ExtensibilityGlobals) = postSolution
		SolutionGuid = {304D665D-C47A-43E7-B8CC-5718B2C02E37}
	EndGlobalSection
EndGlobal
